
Microsoft Visual Studio Solution File, Format Version 12.00
# Visual Studio 15
VisualStudioVersion = 15.0.26124.0
MinimumVisualStudioVersion = 15.0.26124.0
Project("{2150E333-8FDC-42A3-9474-1A3956D46DE8}") = "src", "src", "{496AC88F-7FED-40BF-AC38-69386B1D4E0D}"
EndProject
Project("{FAE04EC0-301F-11D3-BF4B-00C04F79EFBC}") = "Sample.WebApi", "src\Sample.WebApi\Sample.WebApi.csproj", "{372850A7-2526-42C1-BB01-A95CC14E768E}"
EndProject
Project("{FAE04EC0-301F-11D3-BF4B-00C04F79EFBC}") = "DijitalMunky.Grafana.SimpleJson", "src\DijitalMunky.Grafana.SimpleJson\DijitalMunky.Grafana.SimpleJson.csproj", "{F9D4EDA9-70B9-49E3-B6D4-665AFE735213}"
EndProject
Global
	GlobalSection(SolutionConfigurationPlatforms) = preSolution
		Debug|Any CPU = Debug|Any CPU
		Debug|x64 = Debug|x64
		Debug|x86 = Debug|x86
		Release|Any CPU = Release|Any CPU
		Release|x64 = Release|x64
		Release|x86 = Release|x86
	EndGlobalSection
	GlobalSection(SolutionProperties) = preSolution
		HideSolutionNode = FALSE
	EndGlobalSection
	GlobalSection(ProjectConfigurationPlatforms) = postSolution
		{372850A7-2526-42C1-BB01-A95CC14E768E}.Debug|Any CPU.ActiveCfg = Debug|Any CPU
		{372850A7-2526-42C1-BB01-A95CC14E768E}.Debug|Any CPU.Build.0 = Debug|Any CPU
		{372850A7-2526-42C1-BB01-A95CC14E768E}.Debug|x64.ActiveCfg = Debug|Any CPU
		{372850A7-2526-42C1-BB01-A95CC14E768E}.Debug|x64.Build.0 = Debug|Any CPU
		{372850A7-2526-42C1-BB01-A95CC14E768E}.Debug|x86.ActiveCfg = Debug|Any CPU
		{372850A7-2526-42C1-BB01-A95CC14E768E}.Debug|x86.Build.0 = Debug|Any CPU
		{372850A7-2526-42C1-BB01-A95CC14E768E}.Release|Any CPU.ActiveCfg = Release|Any CPU
		{372850A7-2526-42C1-BB01-A95CC14E768E}.Release|Any CPU.Build.0 = Release|Any CPU
		{372850A7-2526-42C1-BB01-A95CC14E768E}.Release|x64.ActiveCfg = Release|Any CPU
		{372850A7-2526-42C1-BB01-A95CC14E768E}.Release|x64.Build.0 = Release|Any CPU
		{372850A7-2526-42C1-BB01-A95CC14E768E}.Release|x86.ActiveCfg = Release|Any CPU
		{372850A7-2526-42C1-BB01-A95CC14E768E}.Release|x86.Build.0 = Release|Any CPU
		{F9D4EDA9-70B9-49E3-B6D4-665AFE735213}.Debug|Any CPU.ActiveCfg = Debug|Any CPU
		{F9D4EDA9-70B9-49E3-B6D4-665AFE735213}.Debug|Any CPU.Build.0 = Debug|Any CPU
		{F9D4EDA9-70B9-49E3-B6D4-665AFE735213}.Debug|x64.ActiveCfg = Debug|Any CPU
		{F9D4EDA9-70B9-49E3-B6D4-665AFE735213}.Debug|x64.Build.0 = Debug|Any CPU
		{F9D4EDA9-70B9-49E3-B6D4-665AFE735213}.Debug|x86.ActiveCfg = Debug|Any CPU
		{F9D4EDA9-70B9-49E3-B6D4-665AFE735213}.Debug|x86.Build.0 = Debug|Any CPU
		{F9D4EDA9-70B9-49E3-B6D4-665AFE735213}.Release|Any CPU.ActiveCfg = Release|Any CPU
		{F9D4EDA9-70B9-49E3-B6D4-665AFE735213}.Release|Any CPU.Build.0 = Release|Any CPU
		{F9D4EDA9-70B9-49E3-B6D4-665AFE735213}.Release|x64.ActiveCfg = Release|Any CPU
		{F9D4EDA9-70B9-49E3-B6D4-665AFE735213}.Release|x64.Build.0 = Release|Any CPU
		{F9D4EDA9-70B9-49E3-B6D4-665AFE735213}.Release|x86.ActiveCfg = Release|Any CPU
		{F9D4EDA9-70B9-49E3-B6D4-665AFE735213}.Release|x86.Build.0 = Release|Any CPU
	EndGlobalSection
	GlobalSection(NestedProjects) = preSolution
		{372850A7-2526-42C1-BB01-A95CC14E768E} = {496AC88F-7FED-40BF-AC38-69386B1D4E0D}
		{F9D4EDA9-70B9-49E3-B6D4-665AFE735213} = {496AC88F-7FED-40BF-AC38-69386B1D4E0D}
	EndGlobalSection
EndGlobal
